lockfileVersion: '9.0'

settings:
  autoInstallPeers: true
  excludeLinksFromLockfile: false

importers:

  .:
    devDependencies:
      '@prettier/plugin-php':
        specifier: ^0.22.4
        version: 0.22.4(prettier@3.5.3)
      autoprefixer:
        specifier: ^10.4.21
        version: 10.4.21(postcss@8.5.3)
      cssnano:
        specifier: ^7.0.6
        version: 7.0.6(postcss@8.5.3)
      postcss:
        specifier: ^8.5.3
        version: 8.5.3
      postcss-assets:
        specifier: ^6.0.0
        version: 6.0.0(postcss@8.5.3)
      postcss-cli:
        specifier: ^11.0.1
        version: 11.0.1(postcss@8.5.3)
      postcss-nested:
        specifier: ^7.0.2
        version: 7.0.2(postcss@8.5.3)
      prettier:
        specifier: ^3.5.3
        version: 3.5.3

packages:

  '@prettier/plugin-php@0.22.4':
    resolution: {integrity: sha512-uZWqfyrwsxScIYkmVcfnoQGFmKVMXTHD5pqYT4l8fxzm5P3XY94hTPbf8X6TFCi2QTZBIot7GS8lfIjQjldc2g==}
    peerDependencies:
      prettier: ^3.0.0

  '@trysound/sax@0.2.0':
    resolution: {integrity: sha512-L7z9BgrNEcYyUYtF+HaEfiS5ebkh9jXqbszz7pC0hRBPaatV0XjSD3+eHrpqFemQfgwiFF0QPIarnIihIDn7OA==}
    engines: {node: '>=10.13.0'}

  ansi-regex@5.0.1:
    resolution: {integrity: sha512-quJQXlTSUGL2LH9SUXo8VwsY4soanhgo6LNSm84E1LBcE8s3O0wpdiRzyR9z/ZZJMlMWv37qOOb9pdJlMUEKFQ==}
    engines: {node: '>=8'}

  ansi-styles@4.3.0:
    resolution: {integrity: sha512-zbB9rCJAT1rbjiVDb2hqKFHNYLxgtk8NURxZ3IZwD3F6NtxbXZQCnnSi1Lkx+IDohdPlFp222wVALIheZJQSEg==}
    engines: {node: '>=8'}

  anymatch@3.1.3:
    resolution: {integrity: sha512-KMReFUr0B4t+D+OBkjR3KYqvocp2XaSzO55UcB6mgQMd3KbcE+mWTyvVV7D/zsdEbNnV6acZUutkiHQXvTr1Rw==}
    engines: {node: '>= 8'}

  assets@3.0.1:
    resolution: {integrity: sha512-fTyLNf/9V24y5zO83f4DAEuvaKj7MWBixbnqdZneAhsv1r21yQ/6ogZfvXHmphJAHsz4DhuOwHeJKVbGqqvk0Q==}
    engines: {node: '>=4'}

  async@2.6.4:
    resolution: {integrity: sha512-mzo5dfJYwAn29PeiJ0zvwTo04zj8HDJj0Mn8TD7sno7q12prdbnasKJHhkm2c1LgrhlJ0teaea8860oxi51mGA==}

  autoprefixer@10.4.21:
    resolution: {integrity: sha512-O+A6LWV5LDHSJD3LjHYoNi4VLsj/Whi7k6zG12xTYaU4cQ8oxQGckXNX8cRHK5yOZ/ppVHe0ZBXGzSV9jXdVbQ==}
    engines: {node: ^10 || ^12 || >=14}
    hasBin: true
    peerDependencies:
      postcss: ^8.1.0

  balanced-match@1.0.2:
    resolution: {integrity: sha512-3oSeUO0TMV67hN1AmbXsK4yaqU7tjiHlbxRDZOpH0KW9+CeX4bRAaX0Anxt0tx2MrpRpWwQaPwIlISEJhYU5Pw==}

  binary-extensions@2.3.0:
    resolution: {integrity: sha512-Ceh+7ox5qe7LJuLHoY0feh3pHuUDHAcRUeyL2VYghZwfpkNIy/+8Ocg0a3UuSoYzavmylwuLWQOf3hl0jjMMIw==}
    engines: {node: '>=8'}

  bluebird@3.7.2:
    resolution: {integrity: sha512-XpNj6GDQzdfW+r2Wnn7xiSAd7TM3jzkxGXBGTtWKuSXv1xUV+azxAm8jdWZN06QTQk+2N2XB9jRDkvbmQmcRtg==}

  boolbase@1.0.0:
    resolution: {integrity: sha512-JZOSA7Mo9sNGB8+UjSgzdLtokWAky1zbztM3WRLCbZ70/3cTANmQmOdR7y2g+J0e2WXywy1yS468tY+IruqEww==}

  brace-expansion@1.1.11:
    resolution: {integrity: sha512-iCuPHDFgrHX7H2vEI/5xpz07zSHB00TpugqhmYtVmMO6518mCuRMoOYFldEBl0g187ufozdaHgWKcYFb61qGiA==}

  braces@3.0.3:
    resolution: {integrity: sha512-yQbXgO/OSZVD2IsiLlro+7Hf6Q18EJrKSEsdoMzKePKXct3gvD8oLcOQdIzGupr5Fj+EDe8gO/lxc1BzfMpxvA==}
    engines: {node: '>=8'}

  browserslist@4.24.4:
    resolution: {integrity: sha512-KDi1Ny1gSePi1vm0q4oxSF8b4DR44GF4BbmS2YdhPLOEqd8pDviZOGH/GsmRwoWJ2+5Lr085X7naowMwKHDG1A==}
    engines: {node: ^6 || ^7 || ^8 || ^9 || ^10 || ^11 || ^12 || >=13.7}
    hasBin: true

  calipers-gif@2.0.0:
    resolution: {integrity: sha512-ZePtjAmTmugWWHDjZhrh7SZ8/8hG2sS5Dz6xyZ3bWkofLqq31c01GR0AvBg5Cn5/x4BjT9PhIi0VMjHBEO+kog==}
    peerDependencies:
      calipers: 2.x.x

  calipers-jpeg@2.0.0:
    resolution: {integrity: sha512-MAAXKh3+I0NEDGNAxBbc+sh670ZWdef/Gv0G8DvH/xLp5sxqEPBR1uQRHfk2es0vJzas4saL0RPgmoL+o+cszw==}
    peerDependencies:
      calipers: 2.x.x

  calipers-png@2.0.0:
    resolution: {integrity: sha512-yj2N0HSrKuePXYFX2T2710haASVF5wQ184g2THlAfbxxcc/ySRu9gUK20PIGfCfaSKt2cMMTE9jD6KZpfoehQg==}
    peerDependencies:
      calipers: 2.x.x

  calipers-svg@2.0.1:
    resolution: {integrity: sha512-3PROqHARmj8wWudUC7DzXm1+mSocqgY7jNuehFNHgrUVrKf8o7MqDjS92vJz5LvZsAofJsoAFMajkqwbxBROSQ==}

  calipers-webp@2.0.0:
    resolution: {integrity: sha512-np7ZtCwUjpxz+DF/RYNYFxxaltJxlF7rIVKWnU/cKcgQ7r06/Fquw1Q/oMZiJe6hfjI911lhDY6ZC+X0MtA5rg==}

  calipers@2.0.1:
    resolution: {integrity: sha512-AP4Ui2Z8fZf69d8Dx4cfJgPjQHY3m+QXGFCaAGu8pfNQjyajkosS+Kkf1n6pQDMZcelN5h3MdcjweUqxcsS4pg==}

  caniuse-api@3.0.0:
    resolution: {integrity: sha512-bsTwuIg/BZZK/vreVTYYbSWoe2F+71P7K5QGEX+pT250DZbfU1MQ5prOKpPR+LL6uWKK3KMwMCAS74QB3Um1uw==}

  caniuse-lite@1.0.30001715:
    resolution: {integrity: sha512-7ptkFGMm2OAOgvZpwgA4yjQ5SQbrNVGdRjzH0pBdy1Fasvcr+KAeECmbCAECzTuDuoX0FCY8KzUxjf9+9kfZEw==}

  chokidar@3.6.0:
    resolution: {integrity: sha512-7VT13fmjotKpGipCW9JEQAusEPE+Ei8nl6/g4FBAmIm0GOOLMua9NDDo/DWp0ZAxCr3cPq5ZpBqmPAQgDda2Pw==}
    engines: {node: '>= 8.10.0'}

  cliui@8.0.1:
    resolution: {integrity: sha512-BSeNnyus75C4//NQ9gQt1/csTXyo/8Sb+afLAkzAptFuMsod9HFokGNudZpi/oQV73hnVK+sR+5PVRMd+Dr7YQ==}
    engines: {node: '>=12'}

  color-convert@2.0.1:
    resolution: {integrity: sha512-RRECPsj7iu/xb5oKYcsFHSppFNnsj/52OVTRKb4zP5onXwVF3zVmmToNcOfGC+CRDpfK/U584fMg38ZHCaElKQ==}
    engines: {node: '>=7.0.0'}

  color-name@1.1.4:
    resolution: {integrity: sha512-dOy+3AuW3a2wNbZHIuMZpTcgjGuLU/uBL/ubcZF9OXbDo8ff4O8yVp5Bf0efS8uEoYo5q4Fx7dY9OgQGXgAsQA==}

  colord@2.9.3:
    resolution: {integrity: sha512-jeC1axXpnb0/2nn/Y1LPuLdgXBLH7aDcHu4KEKfqw3CUhX7ZpfBSlPKyqXE6btIgEzfWtrX3/tyBCaCvXvMkOw==}

  commander@7.2.0:
    resolution: {integrity: sha512-QrWXB+ZQSVPmIWIhtEO9H+gwHaMGYiF5ChvoJ+K9ZGHG/sVsa6yiesAD1GC/x46sET00Xlwo1u49RVVVzvcSkw==}
    engines: {node: '>= 10'}

  concat-map@0.0.1:
    resolution: {integrity: sha512-/Srv4dswyQNBfohGpz9o6Yb3Gz3SrUDqBH5rTuhGR7ahtlbYKnVxw2bCFMRljaA7EXHaXZ8wsHdodFvbkhKmqg==}

  css-declaration-sorter@7.2.0:
    resolution: {integrity: sha512-h70rUM+3PNFuaBDTLe8wF/cdWu+dOZmb7pJt8Z2sedYbAcQVQV/tEchueg3GWxwqS0cxtbxmaHEdkNACqcvsow==}
    engines: {node: ^14 || ^16 || >=18}
    peerDependencies:
      postcss: ^8.0.9

  css-select@5.1.0:
    resolution: {integrity: sha512-nwoRF1rvRRnnCqqY7updORDsuqKzqYJ28+oSMaJMMgOauh3fvwHqMS7EZpIPqK8GL+g9mKxF1vP/ZjSeNjEVHg==}

  css-tree@2.2.1:
    resolution: {integrity: sha512-OA0mILzGc1kCOCSJerOeqDxDQ4HOh+G8NbOJFOTgOCzpw7fCBubk0fEyxp8AgOL/jvLgYA/uV0cMbe43ElF1JA==}
    engines: {node: ^10 || ^12.20.0 || ^14.13.0 || >=15.0.0, npm: '>=7.0.0'}

  css-tree@2.3.1:
    resolution: {integrity: sha512-6Fv1DV/TYw//QF5IzQdqsNDjx/wc8TrMBZsqjL9eW01tWb7R7k/mq+/VXfJCl7SoD5emsJop9cOByJZfs8hYIw==}
    engines: {node: ^10 || ^12.20.0 || ^14.13.0 || >=15.0.0}

  css-what@6.1.0:
    resolution: {integrity: sha512-HTUrgRJ7r4dsZKU6GjmpfRK1O76h97Z8MfS1G0FozR+oF2kG6Vfe8JE6zwrkbxigziPHinCJ+gCPjA9EaBDtRw==}
    engines: {node: '>= 6'}

  cssesc@3.0.0:
    resolution: {integrity: sha512-/Tb/JcjK111nNScGob5MNtsntNM1aCNUDipB/TkwZFhyDrrE47SOx/18wF2bbjgc3ZzCSKW1T5nt5EbFoAz/Vg==}
    engines: {node: '>=4'}
    hasBin: true

  cssnano-preset-default@7.0.6:
    resolution: {integrity: sha512-ZzrgYupYxEvdGGuqL+JKOY70s7+saoNlHSCK/OGn1vB2pQK8KSET8jvenzItcY+kA7NoWvfbb/YhlzuzNKjOhQ==}
    engines: {node: ^18.12.0 || ^20.9.0 || >=22.0}
    peerDependencies:
      postcss: ^8.4.31

  cssnano-utils@5.0.0:
    resolution: {integrity: sha512-Uij0Xdxc24L6SirFr25MlwC2rCFX6scyUmuKpzI+JQ7cyqDEwD42fJ0xfB3yLfOnRDU5LKGgjQ9FA6LYh76GWQ==}
    engines: {node: ^18.12.0 || ^20.9.0 || >=22.0}
    peerDependencies:
      postcss: ^8.4.31

  cssnano@7.0.6:
    resolution: {integrity: sha512-54woqx8SCbp8HwvNZYn68ZFAepuouZW4lTwiMVnBErM3VkO7/Sd4oTOt3Zz3bPx3kxQ36aISppyXj2Md4lg8bw==}
    engines: {node: ^18.12.0 || ^20.9.0 || >=22.0}
    peerDependencies:
      postcss: ^8.4.31

  csso@5.0.5:
    resolution: {integrity: sha512-0LrrStPOdJj+SPCCrGhzryycLjwcgUSHBtxNA8aIDxf0GLsRh1cKYhB00Gd1lDOS4yGH69+SNn13+TWbVHETFQ==}
    engines: {node: ^10 || ^12.20.0 || ^14.13.0 || >=15.0.0, npm: '>=7.0.0'}

  dependency-graph@1.0.0:
    resolution: {integrity: sha512-cW3gggJ28HZ/LExwxP2B++aiKxhJXMSIt9K48FOXQkm+vuG5gyatXnLsONRJdzO/7VfjDIiaOOa/bs4l464Lwg==}
    engines: {node: '>=4'}

  dom-serializer@2.0.0:
    resolution: {integrity: sha512-wIkAryiqt/nV5EQKqQpo3SToSOV9J0DnbJqwK7Wv/Trc92zIAYZ4FlMu+JPFW1DfGFt81ZTCGgDEabffXeLyJg==}

  domelementtype@2.3.0:
    resolution: {integrity: sha512-OLETBj6w0OsagBwdXnPdN0cnMfF9opN69co+7ZrbfPGrdpPVNBUj02spi6B1N7wChLQiPn4CSH/zJvXw56gmHw==}

  domhandler@5.0.3:
    resolution: {integrity: sha512-cgwlv/1iFQiFnU96XXgROh8xTeetsnJiDsTc7TYCLFd9+/WNkIqPTxiM/8pSd8VIrhXGTf1Ny1q1hquVqDJB5w==}
    engines: {node: '>= 4'}

  domutils@3.2.2:
    resolution: {integrity: sha512-6kZKyUajlDuqlHKVX1w7gyslj9MPIXzIFiz/rGu35uC1wMi+kMhQwGhl4lt9unC9Vb9INnY9Z3/ZA3+FhASLaw==}

  electron-to-chromium@1.5.140:
    resolution: {integrity: sha512-o82Rj+ONp4Ip7Cl1r7lrqx/pXhbp/lh9DpKcMNscFJdh8ebyRofnc7Sh01B4jx403RI0oqTBvlZ7OBIZLMr2+Q==}

  emoji-regex@8.0.0:
    resolution: {integrity: sha512-MSjYzcWNOA0ewAHpz0MxpYFvwg6yjy1NG3xteoqz644VCo/RPgnr1/GGt+ic3iJTzQ8Eu3TdM14SawnVUmGE6A==}

  entities@4.5.0:
    resolution: {integrity: sha512-V0hjH4dGPh9Ao5p0MoRY6BVqtwCjhz6vI5LT8AJ55H+4g9/4vbHx1I54fS0XuclLhDHArPQCiMjDxjaL8fPxhw==}
    engines: {node: '>=0.12'}

  escalade@3.2.0:
    resolution: {integrity: sha512-WUj2qlxaQtO4g6Pq5c29GTcWGDyd8itL8zTlipgECz3JesAiiOKotd8JU6otB3PACgG6xkJUyVhboMS+bje/jA==}
    engines: {node: '>=6'}

  fdir@6.4.4:
    resolution: {integrity: sha512-1NZP+GK4GfuAv3PqKvxQRDMjdSRZjnkq7KfhlNrCNNlZ0ygQFpebfrnfnq/W7fpUnAv9aGWmY1zKx7FYL3gwhg==}
    peerDependencies:
      picomatch: ^3 || ^4
    peerDependenciesMeta:
      picomatch:
        optional: true

  fill-range@7.1.1:
    resolution: {integrity: sha512-YsGpe3WHLK8ZYi4tWDg2Jy3ebRz2rXowDxnld4bkQB00cc/1Zw9AWnC0i9ztDJitivtQvaI9KaLyKrc+hBW0yg==}
    engines: {node: '>=8'}

  fraction.js@4.3.7:
    resolution: {integrity: sha512-ZsDfxO51wGAXREY55a7la9LScWpwv9RxIrYABrlvOFBlH/ShPnrtsXeuUIfXKKOVicNxQ+o8JTbJvjS4M89yew==}

  fs-extra@11.3.0:
    resolution: {integrity: sha512-Z4XaCL6dUDHfP/jT25jJKMmtxvuwbkrD1vNSMFlo9lNLY2c5FHYSQgHPRZUjAB26TpDEoW9HCOgplrdbaPV/ew==}
    engines: {node: '>=14.14'}

  fs.realpath@1.0.0:
    resolution: {integrity: sha512-OO0pH2lK6a0hZnAdau5ItzHPI6pUlvI7jMVnxUQRtw4owF2wk8lOSabtGDCTP4Ggrg2MbGnWO9X8K1t4+fGMDw==}

  fsevents@2.3.3:
    resolution: {integrity: sha512-5xoDfX+fL7faATnagmWPpbFtwh/R77WmMMqqHGS65C3vvB0YHrgF+B1YmZ3441tMj5n63k0212XNoJwzlhffQw==}
    engines: {node: ^8.16.0 || ^10.6.0 || >=11.0.0}
    os: [darwin]

  get-caller-file@2.0.5:
    resolution: {integrity: sha512-DyFP3BM/3YHTQOCUL/w0OZHR0lpKeGrxotcHWcqNEdnltqFwXVfhEBQ94eIo34AfQpo0rGki4cyIiftY06h2Fg==}
    engines: {node: 6.* || 8.* || >= 10.*}

  glob-parent@5.1.2:
    resolution: {integrity: sha512-AOIgSQCepiJYwP3ARnGx+5VnTu2HBYdzbGP45eLw1vr3zB3vZLeyed1sC9hnbcOc9/SrMyM5RPQrkGz4aS9Zow==}
    engines: {node: '>= 6'}

  glob@7.2.3:
    resolution: {integrity: sha512-nFR0zLpU2YCaRxwoCJvL6UvCH2JFyFVIvwTLsIf21AuHlMskA1hhTdk+LlYJtOlYt9v6dvszD2BGRqBL+iQK9Q==}
    deprecated: Glob versions prior to v9 are no longer supported

  graceful-fs@4.2.11:
    resolution: {integrity: sha512-RbJ5/jmFcNNCcDV5o9eTnBLJ/HszWV0P73bc+Ff4nS/rJj+YaS6IGyiOL0VoBYX+l1Wrl3k63h/KrH+nhJ0XvQ==}

  inflight@1.0.6:
    resolution: {integrity: sha512-k92I/b08q4wvFscXCLvqfsHCrjrF7yiXsQuIVvVE7N82W3+aqpzuUdBbfhWcy/FZR3/4IgflMgKLOsvPDrGCJA==}
    deprecated: This module is not supported, and leaks memory. Do not use it. Check out lru-cache if you want a good and tested way to coalesce async requests by a key value, which is much more comprehensive and powerful.

  inherits@2.0.4:
    resolution: {integrity: sha512-k/vGaX4/Yla3WzyMCvTQOXYeIHvqOKtnqBduzTHpzpQZzAskKMhZ2K+EnBiSM9zGSoIFeMpXKxa4dYeZIQqewQ==}

  is-binary-path@2.1.0:
    resolution: {integrity: sha512-ZMERYes6pDydyuGidse7OsHxtbI7WVeUEozgR/g7rd0xUimYNlvZRE/K2MgZTjWy725IfelLeVcEM97mmtRGXw==}
    engines: {node: '>=8'}

  is-extglob@2.1.1:
    resolution: {integrity: sha512-SbKbANkN603Vi4jEZv49LeVJMn4yGwsbzZworEoyEiutsN3nJYdbO36zfhGJ6QEDpOZIFkDtnq5JRxmvl3jsoQ==}
    engines: {node: '>=0.10.0'}

  is-fullwidth-code-point@3.0.0:
    resolution: {integrity: sha512-zymm5+u+sCsSWyD9qNaejV3DFvhCKclKdizYaJUuHA83RLjb7nSuGnddCHGv0hk+KY7BMAlsWeK4Ueg6EV6XQg==}
    engines: {node: '>=8'}

  is-glob@4.0.3:
    resolution: {integrity: sha512-xelSayHH36ZgE7ZWhli7pW34hNbNl8Ojv5KVmkJD4hBdD3th8Tfk9vYasLM+mXWOZhFkgZfxhLSnrwRr4elSSg==}
    engines: {node: '>=0.10.0'}

  is-number@7.0.0:
    resolution: {integrity: sha512-41Cifkg6e8TylSpdtTpeLVMqvSBEVzTttHvERD741+pnZ8ANv0004MRL43QKPDlK9cGvNp6NZWZUBlbGXYxxng==}
    engines: {node: '>=0.12.0'}

  jsonfile@6.1.0:
    resolution: {integrity: sha512-5dgndWOriYSm5cnYaJNhalLNDKOqFwyDB/rr1E9ZsGciGvKPs8R2xYGCacuf3z6K1YKDz182fd+fY3cn3pMqXQ==}

  lilconfig@3.1.3:
    resolution: {integrity: sha512-/vlFKAoH5Cgt3Ie+JLhRbwOsCQePABiU3tJ1egGvyQ+33R/vcwM2Zl2QR/LzjsBeItPt3oSVXapn+m4nQDvpzw==}
    engines: {node: '>=14'}

  linguist-languages@7.29.0:
    resolution: {integrity: sha512-KTh6ltVzr3ycnqxWw7zlzy8CqTSrpdymUzGl0EgYxK7cHoRgsX3VrZw4ExCWGCPX3uxxa7kgZwir4zeQkqjdZw==}

  lodash.memoize@4.1.2:
    resolution: {integrity: sha512-t7j+NzmgnQzTAYXcsHYLgimltOV1MXHtlOWf6GjL9Kj8GK5FInw5JotxvbOs+IvV1/Dzo04/fCGfLVs7aXb4Ag==}

  lodash.uniq@4.5.0:
    resolution: {integrity: sha512-xfBaXQd9ryd9dlSDvnvI0lvxfLJlYAZzXomUYzLKtUeOQvOP5piqAWuGtrhWeqaXK9hhoM/iyJc5AV+XfsX3HQ==}

  lodash@4.17.21:
    resolution: {integrity: sha512-v2kDEe57lecTulaDIuNTPy3Ry4gLGJ6Z1O3vE1krgXZNrsQ+LFTGHVxVjcXPs17LhbZVGedAJv8XZ1tvj5FvSg==}

  mdn-data@2.0.28:
    resolution: {integrity: sha512-aylIc7Z9y4yzHYAJNuESG3hfhC+0Ibp/MAMiaOZgNv4pmEdFyfZhhhny4MNiAfWdBQ1RQ2mfDWmM1x8SvGyp8g==}

  mdn-data@2.0.30:
    resolution: {integrity: sha512-GaqWWShW4kv/G9IEucWScBx9G1/vsFZZJUO+tD26M8J8z3Kw5RDQjaoZe03YAClgeS/SWPOcb4nkFBTEi5DUEA==}

  mime@2.6.0:
    resolution: {integrity: sha512-USPkMeET31rOMiarsBNIHZKLGgvKc/LrjofAnBlOttf5ajRvqiRA8QsenbcooctK6d6Ts6aqZXBA+XbkKthiQg==}
    engines: {node: '>=4.0.0'}
    hasBin: true

  minimatch@3.1.2:
    resolution: {integrity: sha512-J7p63hRiAjw1NDEww1W7i37+ByIrOWO5XQQAzZ3VOcL0PNybwpfmV/N05zFAzwQ9USyEcX6t3UO+K5aqBQOIHw==}

  nanoid@3.3.11:
    resolution: {integrity: sha512-N8SpfPUnUp1bK+PMYW8qSWdl9U+wwNWI4QKxOYDy9JAro3WMX7p2OeVRF9v+347pnakNevPmiHhNmZ2HbFA76w==}
    engines: {node: ^10 || ^12 || ^13.7 || ^14 || >=15.0.1}
    hasBin: true

  node-releases@2.0.19:
    resolution: {integrity: sha512-xxOWJsBKtzAq7DY0J+DTzuz58K8e7sJbdgwkbMWQe8UYB6ekmsQ45q0M/tJDsGaZmbC+l7n57UV8Hl5tHxO9uw==}

  normalize-path@3.0.0:
    resolution: {integrity: sha512-6eZs5Ls3WtCisHWp9S2GUy8dqkpGi4BVSz3GaqiE6ezub0512ESztXUwUB6C6IKbQkY2Pnb/mD4WYojCRwcwLA==}
    engines: {node: '>=0.10.0'}

  normalize-range@0.1.2:
    resolution: {integrity: sha512-bdok/XvKII3nUpklnV6P2hxtMNrCboOjAcyBuQnWEhO665FwrSNRxU+AqpsyvO6LgGYPspN+lu5CLtw4jPRKNA==}
    engines: {node: '>=0.10.0'}

  nth-check@2.1.1:
    resolution: {integrity: sha512-lqjrjmaOoAnWfMmBPL+XNnynZh2+swxiX3WUE0s4yEHI6m+AwrK2UZOimIRl3X/4QctVqS8AiZjFqyOGrMXb/w==}

  once@1.4.0:
    resolution: {integrity: sha512-lNaJgI+2Q5URQBkccEKHTQOPaXdUxnZZElQTZY0MFUAuaEqe1E+Nyvgdz/aIyNi6Z9MzO5dv1H8n58/GELp3+w==}

  path-is-absolute@1.0.1:
    resolution: {integrity: sha512-AVbw3UJ2e9bq64vSaS9Am0fje1Pa8pbGqTTsmXfaIiMpnr5DlDhfJOuLj9Sf95ZPVDAUerDfEk88MPmPe7UCQg==}
    engines: {node: '>=0.10.0'}

  php-parser@3.2.3:
    resolution: {integrity: sha512-Kyu33y36aRed6HUi7ZS8EDG9/ZBz4lx/cJgoQui1B/x0L0ZCbCiBstdGnlGgufk8YwcLsk4J9VK9auXoL4Jz8A==}

  picocolors@1.1.1:
    resolution: {integrity: sha512-xceH2snhtb5M9liqDsmEw56le376mTZkEX/jEb/RxNFyegNul7eNslCXP9FDj/Lcu0X8KEyMceP2ntpaHrDEVA==}

  picomatch@2.3.1:
    resolution: {integrity: sha512-JU3teHTNjmE2VCGFzuY8EXzCDVwEqB2a8fsIvwaStHhAWJEeVd1o1QD80CU6+ZdEXXSLbSsuLwJjkCBWqRQUVA==}
    engines: {node: '>=8.6'}

  picomatch@4.0.2:
    resolution: {integrity: sha512-M7BAV6Rlcy5u+m6oPhAPFgJTzAioX/6B0DxyvDlo9l8+T3nLKbrczg2WLUyzd45L8RqfUMyGPzekbMvX2Ldkwg==}
    engines: {node: '>=12'}

  pify@2.3.0:
    resolution: {integrity: sha512-udgsAY+fTnvv7kI7aaxbqwWNb0AHiB0qBO89PZKPkoTmGOgdbrHDKD+0B2X4uTfJ/FT1R09r9gTsjUjNJotuog==}
    engines: {node: '>=0.10.0'}

  postcss-assets@6.0.0:
    resolution: {integrity: sha512-7zq3GJGphWtPprNsxxxsIl0YPhFkJo+r/lVsY0KJOtmskAIcdzIyl14R0W4ZfkhI5hLpa9JGBluF1JE0RtWLJQ==}
    engines: {node: '>=10'}
    peerDependencies:
      postcss: ^8.2.15

  postcss-calc@10.1.1:
    resolution: {integrity: sha512-NYEsLHh8DgG/PRH2+G9BTuUdtf9ViS+vdoQ0YA5OQdGsfN4ztiwtDWNtBl9EKeqNMFnIu8IKZ0cLxEQ5r5KVMw==}
    engines: {node: ^18.12 || ^20.9 || >=22.0}
    peerDependencies:
      postcss: ^8.4.38

  postcss-cli@11.0.1:
    resolution: {integrity: sha512-0UnkNPSayHKRe/tc2YGW6XnSqqOA9eqpiRMgRlV1S6HdGi16vwJBx7lviARzbV1HpQHqLLRH3o8vTcB0cLc+5g==}
    engines: {node: '>=18'}
    hasBin: true
    peerDependencies:
      postcss: ^8.0.0

  postcss-colormin@7.0.2:
    resolution: {integrity: sha512-YntRXNngcvEvDbEjTdRWGU606eZvB5prmHG4BF0yLmVpamXbpsRJzevyy6MZVyuecgzI2AWAlvFi8DAeCqwpvA==}
    engines: {node: ^18.12.0 || ^20.9.0 || >=22.0}
    peerDependencies:
      postcss: ^8.4.31

  postcss-convert-values@7.0.4:
    resolution: {integrity: sha512-e2LSXPqEHVW6aoGbjV9RsSSNDO3A0rZLCBxN24zvxF25WknMPpX8Dm9UxxThyEbaytzggRuZxaGXqaOhxQ514Q==}
    engines: {node: ^18.12.0 || ^20.9.0 || >=22.0}
    peerDependencies:
      postcss: ^8.4.31

  postcss-discard-comments@7.0.3:
    resolution: {integrity: sha512-q6fjd4WU4afNhWOA2WltHgCbkRhZPgQe7cXF74fuVB/ge4QbM9HEaOIzGSiMvM+g/cOsNAUGdf2JDzqA2F8iLA==}
    engines: {node: ^18.12.0 || ^20.9.0 || >=22.0}
    peerDependencies:
      postcss: ^8.4.31

  postcss-discard-duplicates@7.0.1:
    resolution: {integrity: sha512-oZA+v8Jkpu1ct/xbbrntHRsfLGuzoP+cpt0nJe5ED2FQF8n8bJtn7Bo28jSmBYwqgqnqkuSXJfSUEE7if4nClQ==}
    engines: {node: ^18.12.0 || ^20.9.0 || >=22.0}
    peerDependencies:
      postcss: ^8.4.31

  postcss-discard-empty@7.0.0:
    resolution: {integrity: sha512-e+QzoReTZ8IAwhnSdp/++7gBZ/F+nBq9y6PomfwORfP7q9nBpK5AMP64kOt0bA+lShBFbBDcgpJ3X4etHg4lzA==}
    engines: {node: ^18.12.0 || ^20.9.0 || >=22.0}
    peerDependencies:
      postcss: ^8.4.31

  postcss-discard-overridden@7.0.0:
    resolution: {integrity: sha512-GmNAzx88u3k2+sBTZrJSDauR0ccpE24omTQCVmaTTZFz1du6AasspjaUPMJ2ud4RslZpoFKyf+6MSPETLojc6w==}
    engines: {node: ^18.12.0 || ^20.9.0 || >=22.0}
    peerDependencies:
      postcss: ^8.4.31

  postcss-functions@4.0.2:
    resolution: {integrity: sha512-htDZN6t97uW4GBXquTsz/DVaNVAHtHx5tLCALquVM2u58UwHki+RwHbANKiiI0ImA8T7Iml2MnvLUM7aGtlpqA==}
    peerDependencies:
      postcss: ^8.0.0

  postcss-load-config@5.1.0:
    resolution: {integrity: sha512-G5AJ+IX0aD0dygOE0yFZQ/huFFMSNneyfp0e3/bT05a8OfPC5FUoZRPfGijUdGOJNMewJiwzcHJXFafFzeKFVA==}
    engines: {node: '>= 18'}
    peerDependencies:
      jiti: '>=1.21.0'
      postcss: '>=8.0.9'
      tsx: ^4.8.1
    peerDependenciesMeta:
      jiti:
        optional: true
      postcss:
        optional: true
      tsx:
        optional: true

  postcss-merge-longhand@7.0.4:
    resolution: {integrity: sha512-zer1KoZA54Q8RVHKOY5vMke0cCdNxMP3KBfDerjH/BYHh4nCIh+1Yy0t1pAEQF18ac/4z3OFclO+ZVH8azjR4A==}
    engines: {node: ^18.12.0 || ^20.9.0 || >=22.0}
    peerDependencies:
      postcss: ^8.4.31

  postcss-merge-rules@7.0.4:
    resolution: {integrity: sha512-ZsaamiMVu7uBYsIdGtKJ64PkcQt6Pcpep/uO90EpLS3dxJi6OXamIobTYcImyXGoW0Wpugh7DSD3XzxZS9JCPg==}
    engines: {node: ^18.12.0 || ^20.9.0 || >=22.0}
    peerDependencies:
      postcss: ^8.4.31

  postcss-minify-font-values@7.0.0:
    resolution: {integrity: sha512-2ckkZtgT0zG8SMc5aoNwtm5234eUx1GGFJKf2b1bSp8UflqaeFzR50lid4PfqVI9NtGqJ2J4Y7fwvnP/u1cQog==}
    engines: {node: ^18.12.0 || ^20.9.0 || >=22.0}
    peerDependencies:
      postcss: ^8.4.31

  postcss-minify-gradients@7.0.0:
    resolution: {integrity: sha512-pdUIIdj/C93ryCHew0UgBnL2DtUS3hfFa5XtERrs4x+hmpMYGhbzo6l/Ir5de41O0GaKVpK1ZbDNXSY6GkXvtg==}
    engines: {node: ^18.12.0 || ^20.9.0 || >=22.0}
    peerDependencies:
      postcss: ^8.4.31

  postcss-minify-params@7.0.2:
    resolution: {integrity: sha512-nyqVLu4MFl9df32zTsdcLqCFfE/z2+f8GE1KHPxWOAmegSo6lpV2GNy5XQvrzwbLmiU7d+fYay4cwto1oNdAaQ==}
    engines: {node: ^18.12.0 || ^20.9.0 || >=22.0}
    peerDependencies:
      postcss: ^8.4.31

  postcss-minify-selectors@7.0.4:
    resolution: {integrity: sha512-JG55VADcNb4xFCf75hXkzc1rNeURhlo7ugf6JjiiKRfMsKlDzN9CXHZDyiG6x/zGchpjQS+UAgb1d4nqXqOpmA==}
    engines: {node: ^18.12.0 || ^20.9.0 || >=22.0}
    peerDependencies:
      postcss: ^8.4.31

  postcss-nested@7.0.2:
    resolution: {integrity: sha512-5osppouFc0VR9/VYzYxO03VaDa3e8F23Kfd6/9qcZTUI8P58GIYlArOET2Wq0ywSl2o2PjELhYOFI4W7l5QHKw==}
    engines: {node: '>=18.0'}
    peerDependencies:
      postcss: ^8.2.14

  postcss-normalize-charset@7.0.0:
    resolution: {integrity: sha512-ABisNUXMeZeDNzCQxPxBCkXexvBrUHV+p7/BXOY+ulxkcjUZO0cp8ekGBwvIh2LbCwnWbyMPNJVtBSdyhM2zYQ==}
    engines: {node: ^18.12.0 || ^20.9.0 || >=22.0}
    peerDependencies:
      postcss: ^8.4.31

  postcss-normalize-display-values@7.0.0:
    resolution: {integrity: sha512-lnFZzNPeDf5uGMPYgGOw7v0BfB45+irSRz9gHQStdkkhiM0gTfvWkWB5BMxpn0OqgOQuZG/mRlZyJxp0EImr2Q==}
    engines: {node: ^18.12.0 || ^20.9.0 || >=22.0}
    peerDependencies:
      postcss: ^8.4.31

  postcss-normalize-positions@7.0.0:
    resolution: {integrity: sha512-I0yt8wX529UKIGs2y/9Ybs2CelSvItfmvg/DBIjTnoUSrPxSV7Z0yZ8ShSVtKNaV/wAY+m7bgtyVQLhB00A1NQ==}
    engines: {node: ^18.12.0 || ^20.9.0 || >=22.0}
    peerDependencies:
      postcss: ^8.4.31

  postcss-normalize-repeat-style@7.0.0:
    resolution: {integrity: sha512-o3uSGYH+2q30ieM3ppu9GTjSXIzOrRdCUn8UOMGNw7Af61bmurHTWI87hRybrP6xDHvOe5WlAj3XzN6vEO8jLw==}
    engines: {node: ^18.12.0 || ^20.9.0 || >=22.0}
    peerDependencies:
      postcss: ^8.4.31

  postcss-normalize-string@7.0.0:
    resolution: {integrity: sha512-w/qzL212DFVOpMy3UGyxrND+Kb0fvCiBBujiaONIihq7VvtC7bswjWgKQU/w4VcRyDD8gpfqUiBQ4DUOwEJ6Qg==}
    engines: {node: ^18.12.0 || ^20.9.0 || >=22.0}
    peerDependencies:
      postcss: ^8.4.31

  postcss-normalize-timing-functions@7.0.0:
    resolution: {integrity: sha512-tNgw3YV0LYoRwg43N3lTe3AEWZ66W7Dh7lVEpJbHoKOuHc1sLrzMLMFjP8SNULHaykzsonUEDbKedv8C+7ej6g==}
    engines: {node: ^18.12.0 || ^20.9.0 || >=22.0}
    peerDependencies:
      postcss: ^8.4.31

  postcss-normalize-unicode@7.0.2:
    resolution: {integrity: sha512-ztisabK5C/+ZWBdYC+Y9JCkp3M9qBv/XFvDtSw0d/XwfT3UaKeW/YTm/MD/QrPNxuecia46vkfEhewjwcYFjkg==}
    engines: {node: ^18.12.0 || ^20.9.0 || >=22.0}
    peerDependencies:
      postcss: ^8.4.31

  postcss-normalize-url@7.0.0:
    resolution: {integrity: sha512-+d7+PpE+jyPX1hDQZYG+NaFD+Nd2ris6r8fPTBAjE8z/U41n/bib3vze8x7rKs5H1uEw5ppe9IojewouHk0klQ==}
    engines: {node: ^18.12.0 || ^20.9.0 || >=22.0}
    peerDependencies:
      postcss: ^8.4.31

  postcss-normalize-whitespace@7.0.0:
    resolution: {integrity: sha512-37/toN4wwZErqohedXYqWgvcHUGlT8O/m2jVkAfAe9Bd4MzRqlBmXrJRePH0e9Wgnz2X7KymTgTOaaFizQe3AQ==}
    engines: {node: ^18.12.0 || ^20.9.0 || >=22.0}
    peerDependencies:
      postcss: ^8.4.31

  postcss-ordered-values@7.0.1:
    resolution: {integrity: sha512-irWScWRL6nRzYmBOXReIKch75RRhNS86UPUAxXdmW/l0FcAsg0lvAXQCby/1lymxn/o0gVa6Rv/0f03eJOwHxw==}
    engines: {node: ^18.12.0 || ^20.9.0 || >=22.0}
    peerDependencies:
      postcss: ^8.4.31

  postcss-reduce-initial@7.0.2:
    resolution: {integrity: sha512-pOnu9zqQww7dEKf62Nuju6JgsW2V0KRNBHxeKohU+JkHd/GAH5uvoObqFLqkeB2n20mr6yrlWDvo5UBU5GnkfA==}
    engines: {node: ^18.12.0 || ^20.9.0 || >=22.0}
    peerDependencies:
      postcss: ^8.4.31

  postcss-reduce-transforms@7.0.0:
    resolution: {integrity: sha512-pnt1HKKZ07/idH8cpATX/ujMbtOGhUfE+m8gbqwJE05aTaNw8gbo34a2e3if0xc0dlu75sUOiqvwCGY3fzOHew==}
    engines: {node: ^18.12.0 || ^20.9.0 || >=22.0}
    peerDependencies:
      postcss: ^8.4.31

  postcss-reporter@7.1.0:
    resolution: {integrity: sha512-/eoEylGWyy6/DOiMP5lmFRdmDKThqgn7D6hP2dXKJI/0rJSO1ADFNngZfDzxL0YAxFvws+Rtpuji1YIHj4mySA==}
    engines: {node: '>=10'}
    peerDependencies:
      postcss: ^8.1.0

  postcss-selector-parser@6.1.2:
    resolution: {integrity: sha512-Q8qQfPiZ+THO/3ZrOrO0cJJKfpYCagtMUkXbnEfmgUjwXg6z/WBeOyS9APBBPCTSiDV+s4SwQGu8yFsiMRIudg==}
    engines: {node: '>=4'}

  postcss-selector-parser@7.1.0:
    resolution: {integrity: sha512-8sLjZwK0R+JlxlYcTuVnyT2v+htpdrjDOKuMcOVdYjt52Lh8hWRYpxBPoKx/Zg+bcjc3wx6fmQevMmUztS/ccA==}
    engines: {node: '>=4'}

  postcss-svgo@7.0.1:
    resolution: {integrity: sha512-0WBUlSL4lhD9rA5k1e5D8EN5wCEyZD6HJk0jIvRxl+FDVOMlJ7DePHYWGGVc5QRqrJ3/06FTXM0bxjmJpmTPSA==}
    engines: {node: ^18.12.0 || ^20.9.0 || >= 18}
    peerDependencies:
      postcss: ^8.4.31

  postcss-unique-selectors@7.0.3:
    resolution: {integrity: sha512-J+58u5Ic5T1QjP/LDV9g3Cx4CNOgB5vz+kM6+OxHHhFACdcDeKhBXjQmB7fnIZM12YSTvsL0Opwco83DmacW2g==}
    engines: {node: ^18.12.0 || ^20.9.0 || >=22.0}
    peerDependencies:
      postcss: ^8.4.31

  postcss-value-parser@4.2.0:
    resolution: {integrity: sha512-1NNCs6uurfkVbeXG4S8JFT9t19m45ICnif8zWLd5oPSZ50QnwMfK+H3jv408d4jw/7Bttv5axS5IiHoLaVNHeQ==}

  postcss@8.5.3:
    resolution: {integrity: sha512-dle9A3yYxlBSrt8Fu+IpjGT8SY8hN0mlaA6GY8t0P5PjIOZemULz/E2Bnm/2dcUOena75OTNkHI76uZBNUUq3A==}
    engines: {node: ^10 || ^12 || >=14}

  prettier@3.5.3:
    resolution: {integrity: sha512-QQtaxnoDJeAkDvDKWCLiwIXkTgRhwYDEQCghU9Z6q03iyek/rxRh/2lC3HB7P8sWT2xC/y5JDctPLBIGzHKbhw==}
    engines: {node: '>=14'}
    hasBin: true

  pretty-hrtime@1.0.3:
    resolution: {integrity: sha512-66hKPCr+72mlfiSjlEB1+45IjXSqvVAIy6mocupoww4tBFE9R9IhwwUGoI4G++Tc9Aq+2rxOt0RFU6gPcrte0A==}
    engines: {node: '>= 0.8'}

  read-cache@1.0.0:
    resolution: {integrity: sha512-Owdv/Ft7IjOgm/i0xvNDZ1LrRANRfew4b2prF3OWMQLxLfu3bS8FVhCsrSCMK4lR56Y9ya+AThoTpDCTxCmpRA==}

  readdirp@3.6.0:
    resolution: {integrity: sha512-hOS089on8RduqdbhvQ5Z37A0ESjsqz6qnRcffsMU3495FuTdqSm+7bhJ29JvIOsBDEEnan5DPu9t3To9VRlMzA==}
    engines: {node: '>=8.10.0'}

  require-directory@2.1.1:
    resolution: {integrity: sha512-fGxEI7+wsG9xrvdjsrlmL22OMTTiHRwAMroiEeMgq8gzoLC/PQr7RsRDSTLUg/bZAZtF+TVIkHc6/4RIKrui+Q==}
    engines: {node: '>=0.10.0'}

  slash@5.1.0:
    resolution: {integrity: sha512-ZA6oR3T/pEyuqwMgAKT0/hAv8oAXckzbkmR0UkUosQ+Mc4RxGoJkRmwHgHufaenlyAgE1Mxgpdcrf75y6XcnDg==}
    engines: {node: '>=14.16'}

  source-map-js@1.2.1:
    resolution: {integrity: sha512-UXWMKhLOwVKb728IUtQPXxfYU+usdybtUrK/8uGE8CQMvrhOpwvzDBwj0QhSL7MQc7vIsISBG8VQ8+IDQxpfQA==}
    engines: {node: '>=0.10.0'}

  string-width@4.2.3:
    resolution: {integrity: sha512-wKyQRQpjJ0sIp62ErSZdGsjMJWsap5oRNihHhu6G7JVO/9jIB6UyevL+tXuOqrng8j/cxKTWyWUwvSTriiZz/g==}
    engines: {node: '>=8'}

  strip-ansi@6.0.1:
    resolution: {integrity: sha512-Y38VPSHcqkFrCpFnQ9vuSXmquuv5oXOKpGeT6aGrr3o3Gc9AlVa6JBfUSOCnbxGGZF+/0ooI7KrPuUSztUdU5A==}
    engines: {node: '>=8'}

  stylehacks@7.0.4:
    resolution: {integrity: sha512-i4zfNrGMt9SB4xRK9L83rlsFCgdGANfeDAYacO1pkqcE7cRHPdWHwnKZVz7WY17Veq/FvyYsRAU++Ga+qDFIww==}
    engines: {node: ^18.12.0 || ^20.9.0 || >=22.0}
    peerDependencies:
      postcss: ^8.4.31

  svgo@3.3.2:
    resolution: {integrity: sha512-OoohrmuUlBs8B8o6MB2Aevn+pRIH9zDALSR+6hhqVfa6fRwG/Qw9VUMSMW9VNg2CFc/MTIfabtdOVl9ODIJjpw==}
    engines: {node: '>=14.0.0'}
    hasBin: true

  thenby@1.3.4:
    resolution: {integrity: sha512-89Gi5raiWA3QZ4b2ePcEwswC3me9JIg+ToSgtE0JWeCynLnLxNr/f9G+xfo9K+Oj4AFdom8YNJjibIARTJmapQ==}

  tinyglobby@0.2.13:
    resolution: {integrity: sha512-mEwzpUgrLySlveBwEVDMKk5B57bhLPYovRfPAXD5gA/98Opn0rCDj3GtLwFvCvH5RK9uPCExUROW5NjDwvqkxw==}
    engines: {node: '>=12.0.0'}

  to-regex-range@5.0.1:
    resolution: {integrity: sha512-65P7iz6X5yEr1cwcgvQxbbIw7Uk3gOy5dIdtZ4rDveLqhrdJP+Li/Hx6tyK0NEb+2GCyneCMJiGqrADCSNk8sQ==}
    engines: {node: '>=8.0'}

  universalify@2.0.1:
    resolution: {integrity: sha512-gptHNQghINnc/vTGIk0SOFGFNXw7JVrlRUtConJRlvaw6DuX0wO5Jeko9sWrMBhh+PsYAZ7oXAiOnf/UKogyiw==}
    engines: {node: '>= 10.0.0'}

  update-browserslist-db@1.1.3:
    resolution: {integrity: sha512-UxhIZQ+QInVdunkDAaiazvvT/+fXL5Osr0JZlJulepYu6Jd7qJtDZjlur0emRlT71EN3ScPoE7gvsuIKKNavKw==}
    hasBin: true
    peerDependencies:
      browserslist: '>= 4.21.0'

  util-deprecate@1.0.2:
    resolution: {integrity: sha512-EPD5q1uXyFxJpCrLnCc1nHnq3gOa6DZBocAIiI2TaSCA7VCJ1UJDMagCzIkXNsUYfD1daK//LTEQ8xiIbrHtcw==}

  wrap-ansi@7.0.0:
    resolution: {integrity: sha512-YVGIj2kamLSTxw6NsZjoBxfSwsn0ycdesmc4p+Q21c5zPuZ1pl+NfxVdxPtdHvmNVOQ6XSYG4AUtyt/Fi7D16Q==}
    engines: {node: '>=10'}

  wrappy@1.0.2:
    resolution: {integrity: sha512-l4Sp/DRseor9wL6EvV2+TuQn63dMkPjZ/sp9XkghTEbV9KlPS1xUsZ3u7/IQO4wxtcFB4bgpQPRcR3QCvezPcQ==}

  y18n@5.0.8:
    resolution: {integrity: sha512-0pfFzegeDWJHJIAmTLRP2DwHjdF5s7jo9tuztdQxAhINCdvS+3nGINqPd00AphqJR/0LhANUS6/+7SCb98YOfA==}
    engines: {node: '>=10'}

  yaml@2.7.1:
    resolution: {integrity: sha512-10ULxpnOCQXxJvBgxsn9ptjq6uviG/htZKk9veJGhlqn3w/DxQ631zFF+nlQXLwmImeS5amR2dl2U8sg6U9jsQ==}
    engines: {node: '>= 14'}
    hasBin: true

  yargs-parser@21.1.1:
    resolution: {integrity: sha512-tVpsJW7DdjecAiFpbIB1e3qxIQsE6NoPc5/eTdrbbIC4h0LVsWhnoa3g+m2HclBIujHzsxZ4VJVA+GUuc2/LBw==}
    engines: {node: '>=12'}

  yargs@17.7.2:
    resolution: {integrity: sha512-7dSzzRQ++CKnNI/krKnYRV7JKKPUXMEh61soaHKg9mrWEhzFWhFnxPxGl+69cD1Ou63C13NUPCnmIcrvqCuM6w==}
    engines: {node: '>=12'}

snapshots:

  '@prettier/plugin-php@0.22.4(prettier@3.5.3)':
    dependencies:
      linguist-languages: 7.29.0
      php-parser: 3.2.3
      prettier: 3.5.3

  '@trysound/sax@0.2.0': {}

  ansi-regex@5.0.1: {}

  ansi-styles@4.3.0:
    dependencies:
      color-convert: 2.0.1

  anymatch@3.1.3:
    dependencies:
      normalize-path: 3.0.0
      picomatch: 2.3.1

  assets@3.0.1:
    dependencies:
      async: 2.6.4
      bluebird: 3.7.2
      calipers: 2.0.1
      calipers-gif: 2.0.0(calipers@2.0.1)
      calipers-jpeg: 2.0.0(calipers@2.0.1)
      calipers-png: 2.0.0(calipers@2.0.1)
      calipers-svg: 2.0.1
      calipers-webp: 2.0.0
      glob: 7.2.3
      lodash: 4.17.21
      mime: 2.6.0

  async@2.6.4:
    dependencies:
      lodash: 4.17.21

  autoprefixer@10.4.21(postcss@8.5.3):
    dependencies:
      browserslist: 4.24.4
      caniuse-lite: 1.0.30001715
      fraction.js: 4.3.7
      normalize-range: 0.1.2
      picocolors: 1.1.1
      postcss: 8.5.3
      postcss-value-parser: 4.2.0

  balanced-match@1.0.2: {}

  binary-extensions@2.3.0: {}

  bluebird@3.7.2: {}

  boolbase@1.0.0: {}

  brace-expansion@1.1.11:
    dependencies:
      balanced-match: 1.0.2
      concat-map: 0.0.1

  braces@3.0.3:
    dependencies:
      fill-range: 7.1.1

  browserslist@4.24.4:
    dependencies:
      caniuse-lite: 1.0.30001715
      electron-to-chromium: 1.5.140
      node-releases: 2.0.19
      update-browserslist-db: 1.1.3(browserslist@4.24.4)

  calipers-gif@2.0.0(calipers@2.0.1):
    dependencies:
      bluebird: 3.7.2
      calipers: 2.0.1

  calipers-jpeg@2.0.0(calipers@2.0.1):
    dependencies:
      bluebird: 3.7.2
      calipers: 2.0.1

  calipers-png@2.0.0(calipers@2.0.1):
    dependencies:
      bluebird: 3.7.2
      calipers: 2.0.1

  calipers-svg@2.0.1:
    dependencies:
      bluebird: 3.7.2

  calipers-webp@2.0.0:
    dependencies:
      bluebird: 3.7.2

  calipers@2.0.1:
    dependencies:
      bluebird: 3.7.2

  caniuse-api@3.0.0:
    dependencies:
      browserslist: 4.24.4
      caniuse-lite: 1.0.30001715
      lodash.memoize: 4.1.2
      lodash.uniq: 4.5.0

  caniuse-lite@1.0.30001715: {}

  chokidar@3.6.0:
    dependencies:
      anymatch: 3.1.3
      braces: 3.0.3
      glob-parent: 5.1.2
      is-binary-path: 2.1.0
      is-glob: 4.0.3
      normalize-path: 3.0.0
      readdirp: 3.6.0
    optionalDependencies:
      fsevents: 2.3.3

  cliui@8.0.1:
    dependencies:
      string-width: 4.2.3
      strip-ansi: 6.0.1
      wrap-ansi: 7.0.0

  color-convert@2.0.1:
    dependencies:
      color-name: 1.1.4

  color-name@1.1.4: {}

  colord@2.9.3: {}

  commander@7.2.0: {}

  concat-map@0.0.1: {}

  css-declaration-sorter@7.2.0(postcss@8.5.3):
    dependencies:
      postcss: 8.5.3

  css-select@5.1.0:
    dependencies:
      boolbase: 1.0.0
      css-what: 6.1.0
      domhandler: 5.0.3
      domutils: 3.2.2
      nth-check: 2.1.1

  css-tree@2.2.1:
    dependencies:
      mdn-data: 2.0.28
      source-map-js: 1.2.1

  css-tree@2.3.1:
    dependencies:
      mdn-data: 2.0.30
      source-map-js: 1.2.1

  css-what@6.1.0: {}

  cssesc@3.0.0: {}

  cssnano-preset-default@7.0.6(postcss@8.5.3):
    dependencies:
      browserslist: 4.24.4
      css-declaration-sorter: 7.2.0(postcss@8.5.3)
      cssnano-utils: 5.0.0(postcss@8.5.3)
      postcss: 8.5.3
      postcss-calc: 10.1.1(postcss@8.5.3)
      postcss-colormin: 7.0.2(postcss@8.5.3)
      postcss-convert-values: 7.0.4(postcss@8.5.3)
      postcss-discard-comments: 7.0.3(postcss@8.5.3)
      postcss-discard-duplicates: 7.0.1(postcss@8.5.3)
      postcss-discard-empty: 7.0.0(postcss@8.5.3)
      postcss-discard-overridden: 7.0.0(postcss@8.5.3)
      postcss-merge-longhand: 7.0.4(postcss@8.5.3)
      postcss-merge-rules: 7.0.4(postcss@8.5.3)
      postcss-minify-font-values: 7.0.0(postcss@8.5.3)
      postcss-minify-gradients: 7.0.0(postcss@8.5.3)
      postcss-minify-params: 7.0.2(postcss@8.5.3)
      postcss-minify-selectors: 7.0.4(postcss@8.5.3)
      postcss-normalize-charset: 7.0.0(postcss@8.5.3)
      postcss-normalize-display-values: 7.0.0(postcss@8.5.3)
      postcss-normalize-positions: 7.0.0(postcss@8.5.3)
      postcss-normalize-repeat-style: 7.0.0(postcss@8.5.3)
      postcss-normalize-string: 7.0.0(postcss@8.5.3)
      postcss-normalize-timing-functions: 7.0.0(postcss@8.5.3)
      postcss-normalize-unicode: 7.0.2(postcss@8.5.3)
      postcss-normalize-url: 7.0.0(postcss@8.5.3)
      postcss-normalize-whitespace: 7.0.0(postcss@8.5.3)
      postcss-ordered-values: 7.0.1(postcss@8.5.3)
      postcss-reduce-initial: 7.0.2(postcss@8.5.3)
      postcss-reduce-transforms: 7.0.0(postcss@8.5.3)
      postcss-svgo: 7.0.1(postcss@8.5.3)
      postcss-unique-selectors: 7.0.3(postcss@8.5.3)

  cssnano-utils@5.0.0(postcss@8.5.3):
    dependencies:
      postcss: 8.5.3

  cssnano@7.0.6(postcss@8.5.3):
    dependencies:
      cssnano-preset-default: 7.0.6(postcss@8.5.3)
      lilconfig: 3.1.3
      postcss: 8.5.3

  csso@5.0.5:
    dependencies:
      css-tree: 2.2.1

  dependency-graph@1.0.0: {}

  dom-serializer@2.0.0:
    dependencies:
      domelementtype: 2.3.0
      domhandler: 5.0.3
      entities: 4.5.0

  domelementtype@2.3.0: {}

  domhandler@5.0.3:
    dependencies:
      domelementtype: 2.3.0

  domutils@3.2.2:
    dependencies:
      dom-serializer: 2.0.0
      domelementtype: 2.3.0
      domhandler: 5.0.3

  electron-to-chromium@1.5.140: {}

  emoji-regex@8.0.0: {}

  entities@4.5.0: {}

  escalade@3.2.0: {}

  fdir@6.4.4(picomatch@4.0.2):
    optionalDependencies:
      picomatch: 4.0.2

  fill-range@7.1.1:
    dependencies:
      to-regex-range: 5.0.1

  fraction.js@4.3.7: {}

  fs-extra@11.3.0:
    dependencies:
      graceful-fs: 4.2.11
      jsonfile: 6.1.0
      universalify: 2.0.1

  fs.realpath@1.0.0: {}

  fsevents@2.3.3:
    optional: true

  get-caller-file@2.0.5: {}

  glob-parent@5.1.2:
    dependencies:
      is-glob: 4.0.3

  glob@7.2.3:
    dependencies:
      fs.realpath: 1.0.0
      inflight: 1.0.6
      inherits: 2.0.4
      minimatch: 3.1.2
      once: 1.4.0
      path-is-absolute: 1.0.1

  graceful-fs@4.2.11: {}

  inflight@1.0.6:
    dependencies:
      once: 1.4.0
      wrappy: 1.0.2

  inherits@2.0.4: {}

  is-binary-path@2.1.0:
    dependencies:
      binary-extensions: 2.3.0

  is-extglob@2.1.1: {}

  is-fullwidth-code-point@3.0.0: {}

  is-glob@4.0.3:
    dependencies:
      is-extglob: 2.1.1

  is-number@7.0.0: {}

  jsonfile@6.1.0:
    dependencies:
      universalify: 2.0.1
    optionalDependencies:
      graceful-fs: 4.2.11

  lilconfig@3.1.3: {}

  linguist-languages@7.29.0: {}

  lodash.memoize@4.1.2: {}

  lodash.uniq@4.5.0: {}

  lodash@4.17.21: {}

  mdn-data@2.0.28: {}

  mdn-data@2.0.30: {}

  mime@2.6.0: {}

  minimatch@3.1.2:
    dependencies:
      brace-expansion: 1.1.11

  nanoid@3.3.11: {}

  node-releases@2.0.19: {}

  normalize-path@3.0.0: {}

  normalize-range@0.1.2: {}

  nth-check@2.1.1:
    dependencies:
      boolbase: 1.0.0

  once@1.4.0:
    dependencies:
      wrappy: 1.0.2

  path-is-absolute@1.0.1: {}

  php-parser@3.2.3: {}

  picocolors@1.1.1: {}

  picomatch@2.3.1: {}

  picomatch@4.0.2: {}

  pify@2.3.0: {}

  postcss-assets@6.0.0(postcss@8.5.3):
    dependencies:
      assets: 3.0.1
      postcss: 8.5.3
      postcss-functions: 4.0.2(postcss@8.5.3)

  postcss-calc@10.1.1(postcss@8.5.3):
    dependencies:
      postcss: 8.5.3
      postcss-selector-parser: 7.1.0
      postcss-value-parser: 4.2.0

  postcss-cli@11.0.1(postcss@8.5.3):
    dependencies:
      chokidar: 3.6.0
      dependency-graph: 1.0.0
      fs-extra: 11.3.0
      picocolors: 1.1.1
      postcss: 8.5.3
      postcss-load-config: 5.1.0(postcss@8.5.3)
      postcss-reporter: 7.1.0(postcss@8.5.3)
      pretty-hrtime: 1.0.3
      read-cache: 1.0.0
      slash: 5.1.0
      tinyglobby: 0.2.13
      yargs: 17.7.2
    transitivePeerDependencies:
      - jiti
      - tsx

  postcss-colormin@7.0.2(postcss@8.5.3):
    dependencies:
      browserslist: 4.24.4
      caniuse-api: 3.0.0
      colord: 2.9.3
      postcss: 8.5.3
      postcss-value-parser: 4.2.0

  postcss-convert-values@7.0.4(postcss@8.5.3):
    dependencies:
      browserslist: 4.24.4
      postcss: 8.5.3
      postcss-value-parser: 4.2.0

  postcss-discard-comments@7.0.3(postcss@8.5.3):
    dependencies:
      postcss: 8.5.3
      postcss-selector-parser: 6.1.2

  postcss-discard-duplicates@7.0.1(postcss@8.5.3):
    dependencies:
      postcss: 8.5.3

  postcss-discard-empty@7.0.0(postcss@8.5.3):
    dependencies:
      postcss: 8.5.3

  postcss-discard-overridden@7.0.0(postcss@8.5.3):
    dependencies:
      postcss: 8.5.3

  postcss-functions@4.0.2(postcss@8.5.3):
    dependencies:
      postcss: 8.5.3
      postcss-value-parser: 4.2.0

  postcss-load-config@5.1.0(postcss@8.5.3):
    dependencies:
      lilconfig: 3.1.3
      yaml: 2.7.1
    optionalDependencies:
      postcss: 8.5.3

  postcss-merge-longhand@7.0.4(postcss@8.5.3):
    dependencies:
      postcss: 8.5.3
      postcss-value-parser: 4.2.0
      stylehacks: 7.0.4(postcss@8.5.3)

  postcss-merge-rules@7.0.4(postcss@8.5.3):
    dependencies:
      browserslist: 4.24.4
      caniuse-api: 3.0.0
      cssnano-utils: 5.0.0(postcss@8.5.3)
      postcss: 8.5.3
      postcss-selector-parser: 6.1.2

  postcss-minify-font-values@7.0.0(postcss@8.5.3):
    dependencies:
      postcss: 8.5.3
      postcss-value-parser: 4.2.0

  postcss-minify-gradients@7.0.0(postcss@8.5.3):
    dependencies:
      colord: 2.9.3
      cssnano-utils: 5.0.0(postcss@8.5.3)
      postcss: 8.5.3
      postcss-value-parser: 4.2.0

  postcss-minify-params@7.0.2(postcss@8.5.3):
    dependencies:
      browserslist: 4.24.4
      cssnano-utils: 5.0.0(postcss@8.5.3)
      postcss: 8.5.3
      postcss-value-parser: 4.2.0

  postcss-minify-selectors@7.0.4(postcss@8.5.3):
    dependencies:
      cssesc: 3.0.0
      postcss: 8.5.3
      postcss-selector-parser: 6.1.2

  postcss-nested@7.0.2(postcss@8.5.3):
    dependencies:
      postcss: 8.5.3
      postcss-selector-parser: 7.1.0

  postcss-normalize-charset@7.0.0(postcss@8.5.3):
    dependencies:
      postcss: 8.5.3

  postcss-normalize-display-values@7.0.0(postcss@8.5.3):
    dependencies:
      postcss: 8.5.3
      postcss-value-parser: 4.2.0

  postcss-normalize-positions@7.0.0(postcss@8.5.3):
    dependencies:
      postcss: 8.5.3
      postcss-value-parser: 4.2.0

  postcss-normalize-repeat-style@7.0.0(postcss@8.5.3):
    dependencies:
      postcss: 8.5.3
      postcss-value-parser: 4.2.0

  postcss-normalize-string@7.0.0(postcss@8.5.3):
    dependencies:
      postcss: 8.5.3
      postcss-value-parser: 4.2.0

  postcss-normalize-timing-functions@7.0.0(postcss@8.5.3):
    dependencies:
      postcss: 8.5.3
      postcss-value-parser: 4.2.0

  postcss-normalize-unicode@7.0.2(postcss@8.5.3):
    dependencies:
      browserslist: 4.24.4
      postcss: 8.5.3
      postcss-value-parser: 4.2.0

  postcss-normalize-url@7.0.0(postcss@8.5.3):
    dependencies:
      postcss: 8.5.3
      postcss-value-parser: 4.2.0

  postcss-normalize-whitespace@7.0.0(postcss@8.5.3):
    dependencies:
      postcss: 8.5.3
      postcss-value-parser: 4.2.0

  postcss-ordered-values@7.0.1(postcss@8.5.3):
    dependencies:
      cssnano-utils: 5.0.0(postcss@8.5.3)
      postcss: 8.5.3
      postcss-value-parser: 4.2.0

  postcss-reduce-initial@7.0.2(postcss@8.5.3):
    dependencies:
      browserslist: 4.24.4
      caniuse-api: 3.0.0
      postcss: 8.5.3

  postcss-reduce-transforms@7.0.0(postcss@8.5.3):
    dependencies:
      postcss: 8.5.3
      postcss-value-parser: 4.2.0

  postcss-reporter@7.1.0(postcss@8.5.3):
    dependencies:
      picocolors: 1.1.1
      postcss: 8.5.3
      thenby: 1.3.4

  postcss-selector-parser@6.1.2:
    dependencies:
      cssesc: 3.0.0
      util-deprecate: 1.0.2

  postcss-selector-parser@7.1.0:
    dependencies:
      cssesc: 3.0.0
      util-deprecate: 1.0.2

  postcss-svgo@7.0.1(postcss@8.5.3):
    dependencies:
      postcss: 8.5.3
      postcss-value-parser: 4.2.0
      svgo: 3.3.2

  postcss-unique-selectors@7.0.3(postcss@8.5.3):
    dependencies:
      postcss: 8.5.3
      postcss-selector-parser: 6.1.2

  postcss-value-parser@4.2.0: {}

  postcss@8.5.3:
    dependencies:
      nanoid: 3.3.11
      picocolors: 1.1.1
      source-map-js: 1.2.1

  prettier@3.5.3: {}

  pretty-hrtime@1.0.3: {}

  read-cache@1.0.0:
    dependencies:
      pify: 2.3.0

  readdirp@3.6.0:
    dependencies:
      picomatch: 2.3.1

  require-directory@2.1.1: {}

  slash@5.1.0: {}

  source-map-js@1.2.1: {}

  string-width@4.2.3:
    dependencies:
      emoji-regex: 8.0.0
      is-fullwidth-code-point: 3.0.0
      strip-ansi: 6.0.1

  strip-ansi@6.0.1:
    dependencies:
      ansi-regex: 5.0.1

  stylehacks@7.0.4(postcss@8.5.3):
    dependencies:
      browserslist: 4.24.4
      postcss: 8.5.3
      postcss-selector-parser: 6.1.2

  svgo@3.3.2:
    dependencies:
      '@trysound/sax': 0.2.0
      commander: 7.2.0
      css-select: 5.1.0
      css-tree: 2.3.1
      css-what: 6.1.0
      csso: 5.0.5
      picocolors: 1.1.1

  thenby@1.3.4: {}

  tinyglobby@0.2.13:
    dependencies:
      fdir: 6.4.4(picomatch@4.0.2)
      picomatch: 4.0.2

  to-regex-range@5.0.1:
    dependencies:
      is-number: 7.0.0

  universalify@2.0.1: {}

  update-browserslist-db@1.1.3(browserslist@4.24.4):
    dependencies:
      browserslist: 4.24.4
      escalade: 3.2.0
      picocolors: 1.1.1

  util-deprecate@1.0.2: {}

  wrap-ansi@7.0.0:
    dependencies:
      ansi-styles: 4.3.0
      string-width: 4.2.3
      strip-ansi: 6.0.1

  wrappy@1.0.2: {}

  y18n@5.0.8: {}

  yaml@2.7.1: {}

  yargs-parser@21.1.1: {}

  yargs@17.7.2:
    dependencies:
      cliui: 8.0.1
      escalade: 3.2.0
      get-caller-file: 2.0.5
      require-directory: 2.1.1
      string-width: 4.2.3
      y18n: 5.0.8
      yargs-parser: 21.1.1
